
Microsoft Visual Studio Solution File, Format Version 12.00
# Visual Studio 15
VisualStudioVersion = 15.0.28307.1209
MinimumVisualStudioVersion = 10.0.40219.1
Project("{FAE04EC0-301F-11D3-BF4B-00C04F79EFBC}") = "StoreApiPoc", "StoreApiPoc\StoreApiPoc.csproj", "{EFC66AC6-3CA1-4DC0-9900-A7CAD4411376}"
EndProject
Global
	GlobalSection(SolutionConfigurationPlatforms) = preSolution
		Debug|Any CPU = Debug|Any CPU
		Release|Any CPU = Release|Any CPU
	EndGlobalSection
	GlobalSection(ProjectConfigurationPlatforms) = postSolution
		{EFC66AC6-3CA1-4DC0-9900-A7CAD4411376}.Debug|Any CPU.ActiveCfg = Debug|Any CPU
		{EFC66AC6-3CA1-4DC0-9900-A7CAD4411376}.Debug|Any CPU.Build.0 = Debug|Any CPU
		{EFC66AC6-3CA1-4DC0-9900-A7CAD4411376}.Release|Any CPU.ActiveCfg = Release|Any CPU
		{EFC66AC6-3CA1-4DC0-9900-A7CAD4411376}.Release|Any CPU.Build.0 = Release|Any CPU
	EndGlobalSection
	GlobalSection(SolutionProperties) = preSolution
		HideSolutionNode = FALSE
	EndGlobalSection
	GlobalSection(ExtensibilityGlobals) = postSolution
		SolutionGuid = {ABDFC980-AF7F-4800-97A1-2C288DCDEF3D}
	EndGlobalSection
EndGlobal
