
Microsoft Visual Studio Solution File, Format Version 12.00
# Visual Studio Version 16
VisualStudioVersion = 16.0.29609.76
MinimumVisualStudioVersion = 10.0.40219.1
Project("{FAE04EC0-301F-11D3-BF4B-00C04F79EFBC}") = "StudyZoneWithCoreMVC", "StudyZoneWithCoreMVC\StudyZoneWithCoreMVC.csproj", "{C6CA3AB7-5F10-48D1-8425-A23D8CC573C1}"
EndProject
Global
	GlobalSection(SolutionConfigurationPlatforms) = preSolution
		Debug|Any CPU = Debug|Any CPU
		Release|Any CPU = Release|Any CPU
	EndGlobalSection
	GlobalSection(ProjectConfigurationPlatforms) = postSolution
		{C6CA3AB7-5F10-48D1-8425-A23D8CC573C1}.Debug|Any CPU.ActiveCfg = Debug|Any CPU
		{C6CA3AB7-5F10-48D1-8425-A23D8CC573C1}.Debug|Any CPU.Build.0 = Debug|Any CPU
		{C6CA3AB7-5F10-48D1-8425-A23D8CC573C1}.Release|Any CPU.ActiveCfg = Release|Any CPU
		{C6CA3AB7-5F10-48D1-8425-A23D8CC573C1}.Release|Any CPU.Build.0 = Release|Any CPU
	EndGlobalSection
	GlobalSection(SolutionProperties) = preSolution
		HideSolutionNode = FALSE
	EndGlobalSection
	GlobalSection(ExtensibilityGlobals) = postSolution
		SolutionGuid = {DAFF45AF-81E7-4150-BC78-FC9A288494E8}
	EndGlobalSection
EndGlobal
